{
    "_meta": {
        "hash": {
            "sha256": "d98d76fb2b85e6a4f65c5efb2a7e989f9b55520cfb1a242ae5f64f8807cdbd1e"
        },
        "pipfile-spec": 6,
        "requires": {
            "python_version": "3.10"
        },
        "sources": [
            {
                "name": "pypi",
                "url": "https://pypi.org/simple",
                "verify_ssl": true
            }
        ]
    },
    "default": {},
    "develop": {}
}
