{
    "_meta": {
        "hash": {
            "sha256": "c631f9a5a4fd3f9ce8b3ec6dbaf4e2928c0c89fc22242e055e4c1bd2dcf2a2f5"
        },
        "pipfile-spec": 6,
        "requires": {
            "python_version": "3.10"
        },
        "sources": [
            {
                "name": "pypi",
                "url": "https://pypi.org/simple",
                "verify_ssl": true
            }
        ]
    },
    "default": {},
    "develop": {}
}
