{
    "_meta": {
        "hash": {
            "sha256": "5b89841f9f2d751ef01941a7d4d2b3419a704ae084606f580ac9271f028dc27d"
        },
        "pipfile-spec": 6,
        "requires": {
            "python_version": "3.11"
        },
        "sources": [
            {
                "name": "pypi",
                "url": "https://pypi.org/simple",
                "verify_ssl": true
            }
        ]
    },
    "default": {
        "asgiref": {
            "hashes": [
                "sha256:89b2ef2247e3b562a16eef663bc0e2e703ec6468e2fa8a5cd61cd449786d4f6e",
                "sha256:9e0ce3aa93a819ba5b45120216b23878cf6e8525eb3848653452b4192b92afed"
            ],
            "markers": "python_version >= '3.7'",
            "version": "==3.7.2"
        },
        "django": {
            "hashes": [
                "sha256:2a6b6fbff5b59dd07bef10bcb019bee2ea97a30b2a656d51346596724324badf",
                "sha256:672b3fa81e1f853bb58be1b51754108ab4ffa12a77c06db86aa8df9ed0c46fe5"
            ],
            "index": "pypi",
            "version": "==4.2.2"
        },
        "django-classy-tags": {
            "hashes": [
                "sha256:199fa4e0fff0b79c3e0c029c6d78a5e345691043332cba678a302705303bfd06",
                "sha256:db9fc7c5ed08dc2619cc4c19b19514cdac13ddb618278ab07094c626d28eef0d"
            ],
            "markers": "python_version >= '3.7'",
            "version": "==4.0.0"
        },
        "django-cms": {
            "hashes": [
                "sha256:1d97b5b07f8cd0a48a3d4a20a2495347b886568779aff954cb9aede3252c10f8",
                "sha256:fcbe668e5363a085683bd213f3bdf5a32ec53536ce5e1cf4b84df454696d5074"
            ],
            "index": "pypi",
            "version": "==3.11.3"
        },
        "django-environ": {
            "hashes": [
                "sha256:510f8c9c1d0a38b0815f91504270c29440a0cf44fab07f55942fa8d31bbb9be6",
                "sha256:b3559a91439c9d774a9e0c1ced872364772c612cdf6dc919506a2b13f7a77225"
            ],
            "index": "pypi",
            "version": "==0.10.0"
        },
        "django-formtools": {
            "hashes": [
                "sha256:21f8d5dac737f1e636fa8a0a10969c1c32f525a6dfa27c29592827ba70d9643a",
                "sha256:49ea8a64ddef4728a558bf5f8f622c0f4053b979edcf193bf00dd80432ab2f12"
            ],
            "markers": "python_version >= '3.7'",
            "version": "==2.4.1"
        },
        "django-sekizai": {
            "hashes": [
                "sha256:2aca36cbae0b5c0cefed9565416ec442335767fb3145bff11e58622fc653cdad",
                "sha256:aa12e66ba0335fbe726b7d74cf4e8716b89a0be99a1304a9b9e8b191229e2e4a"
            ],
            "markers": "python_version >= '3.8'",
            "version": "==4.1.0"
        },
        "django-treebeard": {
            "hashes": [
                "sha256:787117995ff985d98e6c2b241ef6b9d37fe8ff7051cd7535c283616a0b5b2645",
                "sha256:c751a3f924158c288fea89afc25a7151979faf01bf11fdc7be3b858099dfa56d"
            ],
            "markers": "python_version >= '3.8'",
            "version": "==4.7"
        },
        "djangocms-admin-style": {
            "hashes": [
                "sha256:0d981ccedf4252113acfd812a48d3284eb38d6b610d83c92e85f6bb681bd8bca",
                "sha256:f540d32026108c22f4b9f69347780fe04c63b9d699902f41d763f44780bb9cbb"
            ],
            "markers": "python_version >= '3.7'",
            "version": "==3.2.4"
        },
        "environ": {
            "hashes": [
                "sha256:052ded34331655b9c7982abd5681a066b9aaf9adf33b3412c7e842ce959e40b0",
                "sha256:4df7f1dfeb7d1c988d2e19a8bd5d547a526e0400aeb35adf732032472f35dcb0",
                "sha256:9266e62dd8004f3bf181b24c97aa129844e7e7ec87bf3ed06ef3888293212011"
            ],
            "index": "pypi",
            "version": "==1.0"
        },
        "mysqlclient": {
            "hashes": [
                "sha256:0d1cd3a5a4d28c222fa199002810e8146cffd821410b67851af4cc80aeccd97c",
                "sha256:828757e419fb11dd6c5ed2576ec92c3efaa93a0f7c39e263586d1ee779c3d782",
                "sha256:996924f3483fd36a34a5812210c69e71dea5a3d5978d01199b78b7f6d485c855",
                "sha256:b355c8b5a7d58f2e909acdbb050858390ee1b0e13672ae759e5e784110022994",
                "sha256:c1ed71bd6244993b526113cca3df66428609f90e4652f37eb51c33496d478b37",
                "sha256:c812b67e90082a840efb82a8978369e6e69fc62ce1bda4ca8f3084a9d862308b",
                "sha256:dea88c8d3f5a5d9293dfe7f087c16dd350ceb175f2f6631c9cf4caf3e19b7a96"
            ],
            "index": "pypi",
            "version": "==2.1.1"
        },
        "packaging": {
            "hashes": [
                "sha256:994793af429502c4ea2ebf6bf664629d07c1a9fe974af92966e4b8d2df7edc61",
                "sha256:a392980d2b6cffa644431898be54b0045151319d1e7ec34f0cfed48767dd334f"
            ],
            "markers": "python_version >= '3.7'",
            "version": "==23.1"
        },
        "path": {
            "hashes": [
                "sha256:30fcdc78febebc7b8732dea1bd7393eed8e1fff9add6791af75a29909508f31b",
                "sha256:bea3816e1d54f4e33aac78d2031a0b0ed2f95e69db85b45d51f17df97071da69"
            ],
            "index": "pypi",
            "version": "==16.6.0"
        },
        "sqlparse": {
            "hashes": [
                "sha256:5430a4fe2ac7d0f93e66f1efc6e1338a41884b7ddf2a350cedd20ccc4d9d28f3",
                "sha256:d446183e84b8349fa3061f0fe7f06ca94ba65b426946ffebe6e3e8295332420c"
            ],
            "markers": "python_version >= '3.5'",
            "version": "==0.4.4"
        },
        "typing-extensions": {
            "hashes": [
                "sha256:88a4153d8505aabbb4e13aacb7c486c2b4a33ca3b3f807914a9b4c844c471c26",
                "sha256:d91d5919357fe7f681a9f2b5b4cb2a5f1ef0a1e9f59c4d8ff0d3491e05c0ffd5"
            ],
            "markers": "python_version < '3.11'",
            "version": "==4.6.3"
        }
    },
    "develop": {}
}
